
Microsoft Visual Studio Solution File, Format Version 12.00
Project("{FAE04EC0-301F-11D3-BF4B-00C04F79EFBC}") = "ReForgeEngine", "ReForgeEngine\ReForgeEngine.csproj", "{59CA65B0-1A24-45BB-AEF3-ED1E2B2CB139}"
EndProject
Project("{FAE04EC0-301F-11D3-BF4B-00C04F79EFBC}") = "ReforgeEditor", "ReforgeEditor\ReforgeEditor.csproj", "{898021CC-9F72-4422-A48A-390BF5CA102D}"
EndProject
Project("{FAE04EC0-301F-11D3-BF4B-00C04F79EFBC}") = "ReForge.Engine.Tests", "ReForge.Engine.Tests\ReForge.Engine.Tests.csproj", "{BFD800D2-BAD3-4B33-82F9-590EC4C2EE71}"
EndProject
Project("{FAE04EC0-301F-11D3-BF4B-00C04F79EFBC}") = "EchoKarmaRPG", "EchoKarmaRPG\EchoKarmaRPG.csproj", "{E68ED5F9-6303-48C0-9E8E-D6753AD9AD07}"
EndProject
Global
	GlobalSection(SolutionConfigurationPlatforms) = preSolution
		Debug|Any CPU = Debug|Any CPU
		Debug|x64 = Debug|x64
		Debug|x86 = Debug|x86
		Release|Any CPU = Release|Any CPU
		Release|x64 = Release|x64
		Release|x86 = Release|x86
	EndGlobalSection
	GlobalSection(ProjectConfigurationPlatforms) = postSolution
		{59CA65B0-1A24-45BB-AEF3-ED1E2B2CB139}.Debug|Any CPU.ActiveCfg = Debug|Any CPU
		{59CA65B0-1A24-45BB-AEF3-ED1E2B2CB139}.Debug|Any CPU.Build.0 = Debug|Any CPU
		{59CA65B0-1A24-45BB-AEF3-ED1E2B2CB139}.Debug|x64.ActiveCfg = Debug|Any CPU
		{59CA65B0-1A24-45BB-AEF3-ED1E2B2CB139}.Debug|x64.Build.0 = Debug|Any CPU
		{59CA65B0-1A24-45BB-AEF3-ED1E2B2CB139}.Debug|x86.ActiveCfg = Debug|Any CPU
		{59CA65B0-1A24-45BB-AEF3-ED1E2B2CB139}.Debug|x86.Build.0 = Debug|Any CPU
		{59CA65B0-1A24-45BB-AEF3-ED1E2B2CB139}.Release|Any CPU.ActiveCfg = Release|Any CPU
		{59CA65B0-1A24-45BB-AEF3-ED1E2B2CB139}.Release|Any CPU.Build.0 = Release|Any CPU
		{59CA65B0-1A24-45BB-AEF3-ED1E2B2CB139}.Release|x64.ActiveCfg = Release|Any CPU
		{59CA65B0-1A24-45BB-AEF3-ED1E2B2CB139}.Release|x64.Build.0 = Release|Any CPU
		{59CA65B0-1A24-45BB-AEF3-ED1E2B2CB139}.Release|x86.ActiveCfg = Release|Any CPU
		{59CA65B0-1A24-45BB-AEF3-ED1E2B2CB139}.Release|x86.Build.0 = Release|Any CPU
		{898021CC-9F72-4422-A48A-390BF5CA102D}.Debug|Any CPU.ActiveCfg = Debug|Any CPU
		{898021CC-9F72-4422-A48A-390BF5CA102D}.Debug|Any CPU.Build.0 = Debug|Any CPU
		{898021CC-9F72-4422-A48A-390BF5CA102D}.Debug|x64.ActiveCfg = Debug|Any CPU
		{898021CC-9F72-4422-A48A-390BF5CA102D}.Debug|x64.Build.0 = Debug|Any CPU
		{898021CC-9F72-4422-A48A-390BF5CA102D}.Debug|x86.ActiveCfg = Debug|Any CPU
		{898021CC-9F72-4422-A48A-390BF5CA102D}.Debug|x86.Build.0 = Debug|Any CPU
		{898021CC-9F72-4422-A48A-390BF5CA102D}.Release|Any CPU.ActiveCfg = Release|Any CPU
		{898021CC-9F72-4422-A48A-390BF5CA102D}.Release|Any CPU.Build.0 = Release|Any CPU
		{898021CC-9F72-4422-A48A-390BF5CA102D}.Release|x64.ActiveCfg = Release|Any CPU
		{898021CC-9F72-4422-A48A-390BF5CA102D}.Release|x64.Build.0 = Release|Any CPU
		{898021CC-9F72-4422-A48A-390BF5CA102D}.Release|x86.ActiveCfg = Release|Any CPU
		{898021CC-9F72-4422-A48A-390BF5CA102D}.Release|x86.Build.0 = Release|Any CPU
		{BFD800D2-BAD3-4B33-82F9-590EC4C2EE71}.Debug|Any CPU.ActiveCfg = Debug|Any CPU
		{BFD800D2-BAD3-4B33-82F9-590EC4C2EE71}.Debug|Any CPU.Build.0 = Debug|Any CPU
		{BFD800D2-BAD3-4B33-82F9-590EC4C2EE71}.Debug|x64.ActiveCfg = Debug|Any CPU
		{BFD800D2-BAD3-4B33-82F9-590EC4C2EE71}.Debug|x64.Build.0 = Debug|Any CPU
		{BFD800D2-BAD3-4B33-82F9-590EC4C2EE71}.Debug|x86.ActiveCfg = Debug|Any CPU
		{BFD800D2-BAD3-4B33-82F9-590EC4C2EE71}.Debug|x86.Build.0 = Debug|Any CPU
		{BFD800D2-BAD3-4B33-82F9-590EC4C2EE71}.Release|Any CPU.ActiveCfg = Release|Any CPU
		{BFD800D2-BAD3-4B33-82F9-590EC4C2EE71}.Release|Any CPU.Build.0 = Release|Any CPU
		{BFD800D2-BAD3-4B33-82F9-590EC4C2EE71}.Release|x64.ActiveCfg = Release|Any CPU
		{BFD800D2-BAD3-4B33-82F9-590EC4C2EE71}.Release|x64.Build.0 = Release|Any CPU
		{BFD800D2-BAD3-4B33-82F9-590EC4C2EE71}.Release|x86.ActiveCfg = Release|Any CPU
		{BFD800D2-BAD3-4B33-82F9-590EC4C2EE71}.Release|x86.Build.0 = Release|Any CPU
		{E68ED5F9-6303-48C0-9E8E-D6753AD9AD07}.Debug|Any CPU.ActiveCfg = Debug|Any CPU
		{E68ED5F9-6303-48C0-9E8E-D6753AD9AD07}.Debug|Any CPU.Build.0 = Debug|Any CPU
		{E68ED5F9-6303-48C0-9E8E-D6753AD9AD07}.Debug|x64.ActiveCfg = Debug|Any CPU
		{E68ED5F9-6303-48C0-9E8E-D6753AD9AD07}.Debug|x64.Build.0 = Debug|Any CPU
		{E68ED5F9-6303-48C0-9E8E-D6753AD9AD07}.Debug|x86.ActiveCfg = Debug|Any CPU
		{E68ED5F9-6303-48C0-9E8E-D6753AD9AD07}.Debug|x86.Build.0 = Debug|Any CPU
		{E68ED5F9-6303-48C0-9E8E-D6753AD9AD07}.Release|Any CPU.ActiveCfg = Release|Any CPU
		{E68ED5F9-6303-48C0-9E8E-D6753AD9AD07}.Release|Any CPU.Build.0 = Release|Any CPU
		{E68ED5F9-6303-48C0-9E8E-D6753AD9AD07}.Release|x64.ActiveCfg = Release|Any CPU
		{E68ED5F9-6303-48C0-9E8E-D6753AD9AD07}.Release|x64.Build.0 = Release|Any CPU
		{E68ED5F9-6303-48C0-9E8E-D6753AD9AD07}.Release|x86.ActiveCfg = Release|Any CPU
		{E68ED5F9-6303-48C0-9E8E-D6753AD9AD07}.Release|x86.Build.0 = Release|Any CPU
	EndGlobalSection
	GlobalSection(SolutionProperties) = preSolution
		HideSolutionNode = FALSE
	EndGlobalSection
EndGlobal
