
Microsoft Visual Studio Solution File, Format Version 12.00
Project("{FAE04EC0-301F-11D3-BF4B-00C04F79EFBC}") = "ReForgeEngine", "ReForgeEngine\ReForgeEngine.csproj", "{59CA65B0-1A24-45BB-AEF3-ED1E2B2CB139}"
EndProject
Project("{FAE04EC0-301F-11D3-BF4B-00C04F79EFBC}") = "ReforgeEditor", "ReforgeEditor\ReforgeEditor.csproj", "{898021CC-9F72-4422-A48A-390BF5CA102D}"
EndProject
Global
	GlobalSection(SolutionConfigurationPlatforms) = preSolution
		Debug|Any CPU = Debug|Any CPU
		Release|Any CPU = Release|Any CPU
	EndGlobalSection
	GlobalSection(ProjectConfigurationPlatforms) = postSolution
		{59CA65B0-1A24-45BB-AEF3-ED1E2B2CB139}.Debug|Any CPU.ActiveCfg = Debug|Any CPU
		{59CA65B0-1A24-45BB-AEF3-ED1E2B2CB139}.Debug|Any CPU.Build.0 = Debug|Any CPU
		{59CA65B0-1A24-45BB-AEF3-ED1E2B2CB139}.Release|Any CPU.ActiveCfg = Release|Any CPU
		{59CA65B0-1A24-45BB-AEF3-ED1E2B2CB139}.Release|Any CPU.Build.0 = Release|Any CPU
		{898021CC-9F72-4422-A48A-390BF5CA102D}.Debug|Any CPU.ActiveCfg = Debug|Any CPU
		{898021CC-9F72-4422-A48A-390BF5CA102D}.Debug|Any CPU.Build.0 = Debug|Any CPU
		{898021CC-9F72-4422-A48A-390BF5CA102D}.Release|Any CPU.ActiveCfg = Release|Any CPU
		{898021CC-9F72-4422-A48A-390BF5CA102D}.Release|Any CPU.Build.0 = Release|Any CPU
	EndGlobalSection
EndGlobal
